
Microsoft Visual Studio Solution File, Format Version 12.00
# Visual Studio Version 17
VisualStudioVersion = 17.5.002.0
MinimumVisualStudioVersion = 10.0.40219.1
Project("{2150E333-8FDC-42A3-9474-1A3956D46DE8}") = "src", "src", "{61571259-D6F9-4345-BDB4-21971FEBB507}"
EndProject
Project("{9A19103F-16F7-4668-BE54-9A1E7A4F7556}") = "MangaHome.Api", "src\MangaHome.Api\MangaHome.Api.csproj", "{19EE76F6-48D0-47E8-A431-34C6E34029D0}"
EndProject
Project("{9A19103F-16F7-4668-BE54-9A1E7A4F7556}") = "MangaHome.Core", "src\MangaHome.Core\MangaHome.Core.csproj", "{143538FA-DE22-4C79-962F-0884D5F9500E}"
EndProject
Project("{9A19103F-16F7-4668-BE54-9A1E7A4F7556}") = "MangaHome.Infrastructure", "src\MangaHome.Infrastructure\MangaHome.Infrastructure.csproj", "{C60C01E3-E114-4DCC-9D71-FCD2F554DF96}"
EndProject
Global
	GlobalSection(SolutionConfigurationPlatforms) = preSolution
		Debug|Any CPU = Debug|Any CPU
		Release|Any CPU = Release|Any CPU
	EndGlobalSection
	GlobalSection(ProjectConfigurationPlatforms) = postSolution
		{19EE76F6-48D0-47E8-A431-34C6E34029D0}.Debug|Any CPU.ActiveCfg = Debug|Any CPU
		{19EE76F6-48D0-47E8-A431-34C6E34029D0}.Debug|Any CPU.Build.0 = Debug|Any CPU
		{19EE76F6-48D0-47E8-A431-34C6E34029D0}.Release|Any CPU.ActiveCfg = Release|Any CPU
		{19EE76F6-48D0-47E8-A431-34C6E34029D0}.Release|Any CPU.Build.0 = Release|Any CPU
		{143538FA-DE22-4C79-962F-0884D5F9500E}.Debug|Any CPU.ActiveCfg = Debug|Any CPU
		{143538FA-DE22-4C79-962F-0884D5F9500E}.Debug|Any CPU.Build.0 = Debug|Any CPU
		{143538FA-DE22-4C79-962F-0884D5F9500E}.Release|Any CPU.ActiveCfg = Release|Any CPU
		{143538FA-DE22-4C79-962F-0884D5F9500E}.Release|Any CPU.Build.0 = Release|Any CPU
		{C60C01E3-E114-4DCC-9D71-FCD2F554DF96}.Debug|Any CPU.ActiveCfg = Debug|Any CPU
		{C60C01E3-E114-4DCC-9D71-FCD2F554DF96}.Debug|Any CPU.Build.0 = Debug|Any CPU
		{C60C01E3-E114-4DCC-9D71-FCD2F554DF96}.Release|Any CPU.ActiveCfg = Release|Any CPU
		{C60C01E3-E114-4DCC-9D71-FCD2F554DF96}.Release|Any CPU.Build.0 = Release|Any CPU
	EndGlobalSection
	GlobalSection(SolutionProperties) = preSolution
		HideSolutionNode = FALSE
	EndGlobalSection
	GlobalSection(NestedProjects) = preSolution
		{19EE76F6-48D0-47E8-A431-34C6E34029D0} = {61571259-D6F9-4345-BDB4-21971FEBB507}
		{143538FA-DE22-4C79-962F-0884D5F9500E} = {61571259-D6F9-4345-BDB4-21971FEBB507}
		{C60C01E3-E114-4DCC-9D71-FCD2F554DF96} = {61571259-D6F9-4345-BDB4-21971FEBB507}
	EndGlobalSection
	GlobalSection(ExtensibilityGlobals) = postSolution
		SolutionGuid = {0226DF58-6FEB-4FC0-9A9E-C65289782BE5}
	EndGlobalSection
EndGlobal
